// !$*UTF8*$!
{
	archiveVersion = 1;
	classes = {
	};
	objectVersion = 56;
	objects = {

/* Begin PBXBuildFile section */
		21FE09842BF4BC7B00D47104 /* GutHubWidgetApp.swift in Sources */ = {isa = PBXBuildFile; fileRef = 21FE09832BF4BC7B00D47104 /* GutHubWidgetApp.swift */; };
		21FE09862BF4BC7B00D47104 /* ContentView.swift in Sources */ = {isa = PBXBuildFile; fileRef = 21FE09852BF4BC7B00D47104 /* ContentView.swift */; };
		21FE09882BF4BC7D00D47104 /* Assets.xcassets in Resources */ = {isa = PBXBuildFile; fileRef = 21FE09872BF4BC7D00D47104 /* Assets.xcassets */; };
		21FE098B2BF4BC7D00D47104 /* Preview Assets.xcassets in Resources */ = {isa = PBXBuildFile; fileRef = 21FE098A2BF4BC7D00D47104 /* Preview Assets.xcassets */; };
		21FE09932BF4BD0F00D47104 /* SwiftSoup in Frameworks */ = {isa = PBXBuildFile; productRef = 21FE09922BF4BD0F00D47104 /* SwiftSoup */; };
		21FE09972BF4BD5800D47104 /* DevelopmentDay.swift in Sources */ = {isa = PBXBuildFile; fileRef = 21FE09962BF4BD5800D47104 /* DevelopmentDay.swift */; };
		21FE09992BF4BDCD00D47104 /* ContributionsGraphView.swift in Sources */ = {isa = PBXBuildFile; fileRef = 21FE09982BF4BDCD00D47104 /* ContributionsGraphView.swift */; };
		21FE099C2BF4BFC500D47104 /* Extension+Color.swift in Sources */ = {isa = PBXBuildFile; fileRef = 21FE099B2BF4BFC500D47104 /* Extension+Color.swift */; };
		21FE099F2BF4C2A300D47104 /* ContributionsViewModel.swift in Sources */ = {isa = PBXBuildFile; fileRef = 21FE099E2BF4C2A300D47104 /* ContributionsViewModel.swift */; };
		21FE09A12BF4C52C00D47104 /* String+Date.swift in Sources */ = {isa = PBXBuildFile; fileRef = 21FE09A02BF4C52C00D47104 /* String+Date.swift */; };
		21FE09A32BF4C5F000D47104 /* GitHubParser.swift in Sources */ = {isa = PBXBuildFile; fileRef = 21FE09A22BF4C5F000D47104 /* GitHubParser.swift */; };
		21FE09AD2BF634B100D47104 /* WidgetKit.framework in Frameworks */ = {isa = PBXBuildFile; fileRef = 21FE09AC2BF634B100D47104 /* WidgetKit.framework */; };
		21FE09AF2BF634B100D47104 /* SwiftUI.framework in Frameworks */ = {isa = PBXBuildFile; fileRef = 21FE09AE2BF634B100D47104 /* SwiftUI.framework */; };
		21FE09B22BF634B100D47104 /* GitHub_WidgetBundle.swift in Sources */ = {isa = PBXBuildFile; fileRef = 21FE09B12BF634B100D47104 /* GitHub_WidgetBundle.swift */; };
		21FE09B42BF634B100D47104 /* GitHub_Widget.swift in Sources */ = {isa = PBXBuildFile; fileRef = 21FE09B32BF634B100D47104 /* GitHub_Widget.swift */; };
		21FE09B82BF634B300D47104 /* Assets.xcassets in Resources */ = {isa = PBXBuildFile; fileRef = 21FE09B72BF634B300D47104 /* Assets.xcassets */; };
		21FE09BC2BF634B300D47104 /* GitHub WidgetExtension.appex in Embed Foundation Extensions */ = {isa = PBXBuildFile; fileRef = 21FE09AA2BF634B100D47104 /* GitHub WidgetExtension.appex */; settings = {ATTRIBUTES = (RemoveHeadersOnCopy, ); }; };
		21FE09C12BF634F700D47104 /* DevelopmentDay.swift in Sources */ = {isa = PBXBuildFile; fileRef = 21FE09962BF4BD5800D47104 /* DevelopmentDay.swift */; };
		21FE09C22BF6351C00D47104 /* String+Date.swift in Sources */ = {isa = PBXBuildFile; fileRef = 21FE09A02BF4C52C00D47104 /* String+Date.swift */; };
		21FE09C32BF6351C00D47104 /* Extension+Color.swift in Sources */ = {isa = PBXBuildFile; fileRef = 21FE099B2BF4BFC500D47104 /* Extension+Color.swift */; };
		21FE09C42BF6351C00D47104 /* GitHubParser.swift in Sources */ = {isa = PBXBuildFile; fileRef = 21FE09A22BF4C5F000D47104 /* GitHubParser.swift */; };
		21FE09C52BF6352C00D47104 /* ContributionsGraphView.swift in Sources */ = {isa = PBXBuildFile; fileRef = 21FE09982BF4BDCD00D47104 /* ContributionsGraphView.swift */; };
		21FE09C72BF638B300D47104 /* SwiftSoup in Frameworks */ = {isa = PBXBuildFile; productRef = 21FE09C62BF638B300D47104 /* SwiftSoup */; };
		21FE09C92BF6396D00D47104 /* AppIntent.swift in Sources */ = {isa = PBXBuildFile; fileRef = 21FE09C82BF6396D00D47104 /* AppIntent.swift */; };
		21FE09CA2BF6396D00D47104 /* AppIntent.swift in Sources */ = {isa = PBXBuildFile; fileRef = 21FE09C82BF6396D00D47104 /* AppIntent.swift */; };
/* End PBXBuildFile section */

/* Begin PBXContainerItemProxy section */
		21FE09BA2BF634B300D47104 /* PBXContainerItemProxy */ = {
			isa = PBXContainerItemProxy;
			containerPortal = 21FE09782BF4BC7B00D47104 /* Project object */;
			proxyType = 1;
			remoteGlobalIDString = 21FE09A92BF634B100D47104;
			remoteInfo = "GitHub WidgetExtension";
		};
/* End PBXContainerItemProxy section */

/* Begin PBXCopyFilesBuildPhase section */
		21FE09C02BF634B300D47104 /* Embed Foundation Extensions */ = {
			isa = PBXCopyFilesBuildPhase;
			buildActionMask = 2147483647;
			dstPath = "";
			dstSubfolderSpec = 13;
			files = (
				21FE09BC2BF634B300D47104 /* GitHub WidgetExtension.appex in Embed Foundation Extensions */,
			);
			name = "Embed Foundation Extensions";
			runOnlyForDeploymentPostprocessing = 0;
		};
/* End PBXCopyFilesBuildPhase section */

/* Begin PBXFileReference section */
		21FE09802BF4BC7B00D47104 /* GutHubWidget.app */ = {isa = PBXFileReference; explicitFileType = wrapper.application; includeInIndex = 0; path = GutHubWidget.app; sourceTree = BUILT_PRODUCTS_DIR; };
		21FE09832BF4BC7B00D47104 /* GutHubWidgetApp.swift */ = {isa = PBXFileReference; lastKnownFileType = sourcecode.swift; path = GutHubWidgetApp.swift; sourceTree = "<group>"; };
		21FE09852BF4BC7B00D47104 /* ContentView.swift */ = {isa = PBXFileReference; lastKnownFileType = sourcecode.swift; path = ContentView.swift; sourceTree = "<group>"; };
		21FE09872BF4BC7D00D47104 /* Assets.xcassets */ = {isa = PBXFileReference; lastKnownFileType = folder.assetcatalog; path = Assets.xcassets; sourceTree = "<group>"; };
		21FE098A2BF4BC7D00D47104 /* Preview Assets.xcassets */ = {isa = PBXFileReference; lastKnownFileType = folder.assetcatalog; path = "Preview Assets.xcassets"; sourceTree = "<group>"; };
		21FE09962BF4BD5800D47104 /* DevelopmentDay.swift */ = {isa = PBXFileReference; lastKnownFileType = sourcecode.swift; path = DevelopmentDay.swift; sourceTree = "<group>"; };
		21FE09982BF4BDCD00D47104 /* ContributionsGraphView.swift */ = {isa = PBXFileReference; lastKnownFileType = sourcecode.swift; path = ContributionsGraphView.swift; sourceTree = "<group>"; };
		21FE099B2BF4BFC500D47104 /* Extension+Color.swift */ = {isa = PBXFileReference; lastKnownFileType = sourcecode.swift; path = "Extension+Color.swift"; sourceTree = "<group>"; };
		21FE099E2BF4C2A300D47104 /* ContributionsViewModel.swift */ = {isa = PBXFileReference; lastKnownFileType = sourcecode.swift; path = ContributionsViewModel.swift; sourceTree = "<group>"; };
		21FE09A02BF4C52C00D47104 /* String+Date.swift */ = {isa = PBXFileReference; lastKnownFileType = sourcecode.swift; path = "String+Date.swift"; sourceTree = "<group>"; };
		21FE09A22BF4C5F000D47104 /* GitHubParser.swift */ = {isa = PBXFileReference; lastKnownFileType = sourcecode.swift; path = GitHubParser.swift; sourceTree = "<group>"; };
		21FE09AA2BF634B100D47104 /* GitHub WidgetExtension.appex */ = {isa = PBXFileReference; explicitFileType = "wrapper.app-extension"; includeInIndex = 0; path = "GitHub WidgetExtension.appex"; sourceTree = BUILT_PRODUCTS_DIR; };
		21FE09AC2BF634B100D47104 /* WidgetKit.framework */ = {isa = PBXFileReference; lastKnownFileType = wrapper.framework; name = WidgetKit.framework; path = System/Library/Frameworks/WidgetKit.framework; sourceTree = SDKROOT; };
		21FE09AE2BF634B100D47104 /* SwiftUI.framework */ = {isa = PBXFileReference; lastKnownFileType = wrapper.framework; name = SwiftUI.framework; path = System/Library/Frameworks/SwiftUI.framework; sourceTree = SDKROOT; };
		21FE09B12BF634B100D47104 /* GitHub_WidgetBundle.swift */ = {isa = PBXFileReference; lastKnownFileType = sourcecode.swift; path = GitHub_WidgetBundle.swift; sourceTree = "<group>"; };
		21FE09B32BF634B100D47104 /* GitHub_Widget.swift */ = {isa = PBXFileReference; lastKnownFileType = sourcecode.swift; path = GitHub_Widget.swift; sourceTree = "<group>"; };
		21FE09B72BF634B300D47104 /* Assets.xcassets */ = {isa = PBXFileReference; lastKnownFileType = folder.assetcatalog; path = Assets.xcassets; sourceTree = "<group>"; };
		21FE09B92BF634B300D47104 /* Info.plist */ = {isa = PBXFileReference; lastKnownFileType = text.plist.xml; path = Info.plist; sourceTree = "<group>"; };
		21FE09C82BF6396D00D47104 /* AppIntent.swift */ = {isa = PBXFileReference; fileEncoding = 4; lastKnownFileType = sourcecode.swift; path = AppIntent.swift; sourceTree = "<group>"; };
/* End PBXFileReference section */

/* Begin PBXFrameworksBuildPhase section */
		21FE097D2BF4BC7B00D47104 /* Frameworks */ = {
			isa = PBXFrameworksBuildPhase;
			buildActionMask = 2147483647;
			files = (
				21FE09932BF4BD0F00D47104 /* SwiftSoup in Frameworks */,
			);
			runOnlyForDeploymentPostprocessing = 0;
		};
		21FE09A72BF634B100D47104 /* Frameworks */ = {
			isa = PBXFrameworksBuildPhase;
			buildActionMask = 2147483647;
			files = (
				21FE09AF2BF634B100D47104 /* SwiftUI.framework in Frameworks */,
				21FE09AD2BF634B100D47104 /* WidgetKit.framework in Frameworks */,
				21FE09C72BF638B300D47104 /* SwiftSoup in Frameworks */,
			);
			runOnlyForDeploymentPostprocessing = 0;
		};
/* End PBXFrameworksBuildPhase section */

/* Begin PBXGroup section */
		21FE09772BF4BC7B00D47104 = {
			isa = PBXGroup;
			children = (
				21FE09822BF4BC7B00D47104 /* GutHubWidget */,
				21FE09B02BF634B100D47104 /* GitHub Widget */,
				21FE09AB2BF634B100D47104 /* Frameworks */,
				21FE09812BF4BC7B00D47104 /* Products */,
			);
			sourceTree = "<group>";
		};
		21FE09812BF4BC7B00D47104 /* Products */ = {
			isa = PBXGroup;
			children = (
				21FE09802BF4BC7B00D47104 /* GutHubWidget.app */,
				21FE09AA2BF634B100D47104 /* GitHub WidgetExtension.appex */,
			);
			name = Products;
			sourceTree = "<group>";
		};
		21FE09822BF4BC7B00D47104 /* GutHubWidget */ = {
			isa = PBXGroup;
			children = (
				21FE099D2BF4C28E00D47104 /* ViewModel */,
				21FE099A2BF4BFAB00D47104 /* SupportFiles */,
				21FE09952BF4BD4A00D47104 /* View */,
				21FE09942BF4BD4400D47104 /* Model */,
				21FE09832BF4BC7B00D47104 /* GutHubWidgetApp.swift */,
				21FE09872BF4BC7D00D47104 /* Assets.xcassets */,
				21FE09892BF4BC7D00D47104 /* Preview Content */,
			);
			path = GutHubWidget;
			sourceTree = "<group>";
		};
		21FE09892BF4BC7D00D47104 /* Preview Content */ = {
			isa = PBXGroup;
			children = (
				21FE098A2BF4BC7D00D47104 /* Preview Assets.xcassets */,
			);
			path = "Preview Content";
			sourceTree = "<group>";
		};
		21FE09942BF4BD4400D47104 /* Model */ = {
			isa = PBXGroup;
			children = (
				21FE09962BF4BD5800D47104 /* DevelopmentDay.swift */,
			);
			path = Model;
			sourceTree = "<group>";
		};
		21FE09952BF4BD4A00D47104 /* View */ = {
			isa = PBXGroup;
			children = (
				21FE09852BF4BC7B00D47104 /* ContentView.swift */,
				21FE09982BF4BDCD00D47104 /* ContributionsGraphView.swift */,
			);
			path = View;
			sourceTree = "<group>";
		};
		21FE099A2BF4BFAB00D47104 /* SupportFiles */ = {
			isa = PBXGroup;
			children = (
				21FE099B2BF4BFC500D47104 /* Extension+Color.swift */,
				21FE09A02BF4C52C00D47104 /* String+Date.swift */,
				21FE09A22BF4C5F000D47104 /* GitHubParser.swift */,
			);
			path = SupportFiles;
			sourceTree = "<group>";
		};
		21FE099D2BF4C28E00D47104 /* ViewModel */ = {
			isa = PBXGroup;
			children = (
				21FE099E2BF4C2A300D47104 /* ContributionsViewModel.swift */,
			);
			path = ViewModel;
			sourceTree = "<group>";
		};
		21FE09AB2BF634B100D47104 /* Frameworks */ = {
			isa = PBXGroup;
			children = (
				21FE09AC2BF634B100D47104 /* WidgetKit.framework */,
				21FE09AE2BF634B100D47104 /* SwiftUI.framework */,
			);
			name = Frameworks;
			sourceTree = "<group>";
		};
		21FE09B02BF634B100D47104 /* GitHub Widget */ = {
			isa = PBXGroup;
			children = (
				21FE09C82BF6396D00D47104 /* AppIntent.swift */,
				21FE09B12BF634B100D47104 /* GitHub_WidgetBundle.swift */,
				21FE09B32BF634B100D47104 /* GitHub_Widget.swift */,
				21FE09B72BF634B300D47104 /* Assets.xcassets */,
				21FE09B92BF634B300D47104 /* Info.plist */,
			);
			path = "GitHub Widget";
			sourceTree = "<group>";
		};
/* End PBXGroup section */

/* Begin PBXNativeTarget section */
		21FE097F2BF4BC7B00D47104 /* GutHubWidget */ = {
			isa = PBXNativeTarget;
			buildConfigurationList = 21FE098E2BF4BC7D00D47104 /* Build configuration list for PBXNativeTarget "GutHubWidget" */;
			buildPhases = (
				21FE097C2BF4BC7B00D47104 /* Sources */,
				21FE097D2BF4BC7B00D47104 /* Frameworks */,
				21FE097E2BF4BC7B00D47104 /* Resources */,
				21FE09C02BF634B300D47104 /* Embed Foundation Extensions */,
			);
			buildRules = (
			);
			dependencies = (
				21FE09BB2BF634B300D47104 /* PBXTargetDependency */,
			);
			name = GutHubWidget;
			packageProductDependencies = (
				21FE09922BF4BD0F00D47104 /* SwiftSoup */,
			);
			productName = GutHubWidget;
			productReference = 21FE09802BF4BC7B00D47104 /* GutHubWidget.app */;
			productType = "com.apple.product-type.application";
		};
		21FE09A92BF634B100D47104 /* GitHub WidgetExtension */ = {
			isa = PBXNativeTarget;
			buildConfigurationList = 21FE09BD2BF634B300D47104 /* Build configuration list for PBXNativeTarget "GitHub WidgetExtension" */;
			buildPhases = (
				21FE09A62BF634B100D47104 /* Sources */,
				21FE09A72BF634B100D47104 /* Frameworks */,
				21FE09A82BF634B100D47104 /* Resources */,
			);
			buildRules = (
			);
			dependencies = (
			);
			name = "GitHub WidgetExtension";
			packageProductDependencies = (
				21FE09C62BF638B300D47104 /* SwiftSoup */,
			);
			productName = "GitHub WidgetExtension";
			productReference = 21FE09AA2BF634B100D47104 /* GitHub WidgetExtension.appex */;
			productType = "com.apple.product-type.app-extension";
		};
/* End PBXNativeTarget section */

/* Begin PBXProject section */
		21FE09782BF4BC7B00D47104 /* Project object */ = {
			isa = PBXProject;
			attributes = {
				BuildIndependentTargetsInParallel = 1;
				LastSwiftUpdateCheck = 1530;
				LastUpgradeCheck = 1530;
				TargetAttributes = {
					21FE097F2BF4BC7B00D47104 = {
						CreatedOnToolsVersion = 15.3;
					};
					21FE09A92BF634B100D47104 = {
						CreatedOnToolsVersion = 15.3;
					};
				};
			};
			buildConfigurationList = 21FE097B2BF4BC7B00D47104 /* Build configuration list for PBXProject "GutHubWidget" */;
			compatibilityVersion = "Xcode 14.0";
			developmentRegion = en;
			hasScannedForEncodings = 0;
			knownRegions = (
				en,
				Base,
			);
			mainGroup = 21FE09772BF4BC7B00D47104;
			packageReferences = (
				21FE09912BF4BD0F00D47104 /* XCRemoteSwiftPackageReference "SwiftSoup" */,
			);
			productRefGroup = 21FE09812BF4BC7B00D47104 /* Products */;
			projectDirPath = "";
			projectRoot = "";
			targets = (
				21FE097F2BF4BC7B00D47104 /* GutHubWidget */,
				21FE09A92BF634B100D47104 /* GitHub WidgetExtension */,
			);
		};
/* End PBXProject section */

/* Begin PBXResourcesBuildPhase section */
		21FE097E2BF4BC7B00D47104 /* Resources */ = {
			isa = PBXResourcesBuildPhase;
			buildActionMask = 2147483647;
			files = (
				21FE098B2BF4BC7D00D47104 /* Preview Assets.xcassets in Resources */,
				21FE09882BF4BC7D00D47104 /* Assets.xcassets in Resources */,
			);
			runOnlyForDeploymentPostprocessing = 0;
		};
		21FE09A82BF634B100D47104 /* Resources */ = {
			isa = PBXResourcesBuildPhase;
			buildActionMask = 2147483647;
			files = (
				21FE09B82BF634B300D47104 /* Assets.xcassets in Resources */,
			);
			runOnlyForDeploymentPostprocessing = 0;
		};
/* End PBXResourcesBuildPhase section */

/* Begin PBXSourcesBuildPhase section */
		21FE097C2BF4BC7B00D47104 /* Sources */ = {
			isa = PBXSourcesBuildPhase;
			buildActionMask = 2147483647;
			files = (
				21FE099F2BF4C2A300D47104 /* ContributionsViewModel.swift in Sources */,
				21FE09862BF4BC7B00D47104 /* ContentView.swift in Sources */,
				21FE09C92BF6396D00D47104 /* AppIntent.swift in Sources */,
				21FE09A12BF4C52C00D47104 /* String+Date.swift in Sources */,
				21FE09842BF4BC7B00D47104 /* GutHubWidgetApp.swift in Sources */,
				21FE099C2BF4BFC500D47104 /* Extension+Color.swift in Sources */,
				21FE09A32BF4C5F000D47104 /* GitHubParser.swift in Sources */,
				21FE09972BF4BD5800D47104 /* DevelopmentDay.swift in Sources */,
				21FE09992BF4BDCD00D47104 /* ContributionsGraphView.swift in Sources */,
			);
			runOnlyForDeploymentPostprocessing = 0;
		};
		21FE09A62BF634B100D47104 /* Sources */ = {
			isa = PBXSourcesBuildPhase;
			buildActionMask = 2147483647;
			files = (
				21FE09C12BF634F700D47104 /* DevelopmentDay.swift in Sources */,
				21FE09B42BF634B100D47104 /* GitHub_Widget.swift in Sources */,
				21FE09B22BF634B100D47104 /* GitHub_WidgetBundle.swift in Sources */,
				21FE09C22BF6351C00D47104 /* String+Date.swift in Sources */,
				21FE09C32BF6351C00D47104 /* Extension+Color.swift in Sources */,
				21FE09CA2BF6396D00D47104 /* AppIntent.swift in Sources */,
				21FE09C42BF6351C00D47104 /* GitHubParser.swift in Sources */,
				21FE09C52BF6352C00D47104 /* ContributionsGraphView.swift in Sources */,
			);
			runOnlyForDeploymentPostprocessing = 0;
		};
/* End PBXSourcesBuildPhase section */

/* Begin PBXTargetDependency section */
		21FE09BB2BF634B300D47104 /* PBXTargetDependency */ = {
			isa = PBXTargetDependency;
			target = 21FE09A92BF634B100D47104 /* GitHub WidgetExtension */;
			targetProxy = 21FE09BA2BF634B300D47104 /* PBXContainerItemProxy */;
		};
/* End PBXTargetDependency section */

/* Begin XCBuildConfiguration section */
		21FE098C2BF4BC7D00D47104 /* Debug */ = {
			isa = XCBuildConfiguration;
			buildSettings = {
				ALWAYS_SEARCH_USER_PATHS = NO;
				ASSETCATALOG_COMPILER_GENERATE_SWIFT_ASSET_SYMBOL_EXTENSIONS = YES;
				CLANG_ANALYZER_NONNULL = YES;
				CLANG_ANALYZER_NUMBER_OBJECT_CONVERSION = YES_AGGRESSIVE;
				CLANG_CXX_LANGUAGE_STANDARD = "gnu++20";
				CLANG_ENABLE_MODULES = YES;
				CLANG_ENABLE_OBJC_ARC = YES;
				CLANG_ENABLE_OBJC_WEAK = YES;
				CLANG_WARN_BLOCK_CAPTURE_AUTORELEASING = YES;
				CLANG_WARN_BOOL_CONVERSION = YES;
				CLANG_WARN_COMMA = YES;
				CLANG_WARN_CONSTANT_CONVERSION = YES;
				CLANG_WARN_DEPRECATED_OBJC_IMPLEMENTATIONS = YES;
				CLANG_WARN_DIRECT_OBJC_ISA_USAGE = YES_ERROR;
				CLANG_WARN_DOCUMENTATION_COMMENTS = YES;
				CLANG_WARN_EMPTY_BODY = YES;
				CLANG_WARN_ENUM_CONVERSION = YES;
				CLANG_WARN_INFINITE_RECURSION = YES;
				CLANG_WARN_INT_CONVERSION = YES;
				CLANG_WARN_NON_LITERAL_NULL_CONVERSION = YES;
				CLANG_WARN_OBJC_IMPLICIT_RETAIN_SELF = YES;
				CLANG_WARN_OBJC_LITERAL_CONVERSION = YES;
				CLANG_WARN_OBJC_ROOT_CLASS = YES_ERROR;
				CLANG_WARN_QUOTED_INCLUDE_IN_FRAMEWORK_HEADER = YES;
				CLANG_WARN_RANGE_LOOP_ANALYSIS = YES;
				CLANG_WARN_STRICT_PROTOTYPES = YES;
				CLANG_WARN_SUSPICIOUS_MOVE = YES;
				CLANG_WARN_UNGUARDED_AVAILABILITY = YES_AGGRESSIVE;
				CLANG_WARN_UNREACHABLE_CODE = YES;
				CLANG_WARN__DUPLICATE_METHOD_MATCH = YES;
				COPY_PHASE_STRIP = NO;
				DEBUG_INFORMATION_FORMAT = dwarf;
				ENABLE_STRICT_OBJC_MSGSEND = YES;
				ENABLE_TESTABILITY = YES;
				ENABLE_USER_SCRIPT_SANDBOXING = YES;
				GCC_C_LANGUAGE_STANDARD = gnu17;
				GCC_DYNAMIC_NO_PIC = NO;
				GCC_NO_COMMON_BLOCKS = YES;
				GCC_OPTIMIZATION_LEVEL = 0;
				GCC_PREPROCESSOR_DEFINITIONS = (
					"DEBUG=1",
					"$(inherited)",
				);
				GCC_WARN_64_TO_32_BIT_CONVERSION = YES;
				GCC_WARN_ABOUT_RETURN_TYPE = YES_ERROR;
				GCC_WARN_UNDECLARED_SELECTOR = YES;
				GCC_WARN_UNINITIALIZED_AUTOS = YES_AGGRESSIVE;
				GCC_WARN_UNUSED_FUNCTION = YES;
				GCC_WARN_UNUSED_VARIABLE = YES;
				IPHONEOS_DEPLOYMENT_TARGET = 17.4;
				LOCALIZATION_PREFERS_STRING_CATALOGS = YES;
				MTL_ENABLE_DEBUG_INFO = INCLUDE_SOURCE;
				MTL_FAST_MATH = YES;
				ONLY_ACTIVE_ARCH = YES;
				SDKROOT = iphoneos;
				SWIFT_ACTIVE_COMPILATION_CONDITIONS = "DEBUG $(inherited)";
				SWIFT_OPTIMIZATION_LEVEL = "-Onone";
			};
			name = Debug;
		};
		21FE098D2BF4BC7D00D47104 /* Release */ = {
			isa = XCBuildConfiguration;
			buildSettings = {
				ALWAYS_SEARCH_USER_PATHS = NO;
				ASSETCATALOG_COMPILER_GENERATE_SWIFT_ASSET_SYMBOL_EXTENSIONS = YES;
				CLANG_ANALYZER_NONNULL = YES;
				CLANG_ANALYZER_NUMBER_OBJECT_CONVERSION = YES_AGGRESSIVE;
				CLANG_CXX_LANGUAGE_STANDARD = "gnu++20";
				CLANG_ENABLE_MODULES = YES;
				CLANG_ENABLE_OBJC_ARC = YES;
				CLANG_ENABLE_OBJC_WEAK = YES;
				CLANG_WARN_BLOCK_CAPTURE_AUTORELEASING = YES;
				CLANG_WARN_BOOL_CONVERSION = YES;
				CLANG_WARN_COMMA = YES;
				CLANG_WARN_CONSTANT_CONVERSION = YES;
				CLANG_WARN_DEPRECATED_OBJC_IMPLEMENTATIONS = YES;
				CLANG_WARN_DIRECT_OBJC_ISA_USAGE = YES_ERROR;
				CLANG_WARN_DOCUMENTATION_COMMENTS = YES;
				CLANG_WARN_EMPTY_BODY = YES;
				CLANG_WARN_ENUM_CONVERSION = YES;
				CLANG_WARN_INFINITE_RECURSION = YES;
				CLANG_WARN_INT_CONVERSION = YES;
				CLANG_WARN_NON_LITERAL_NULL_CONVERSION = YES;
				CLANG_WARN_OBJC_IMPLICIT_RETAIN_SELF = YES;
				CLANG_WARN_OBJC_LITERAL_CONVERSION = YES;
				CLANG_WARN_OBJC_ROOT_CLASS = YES_ERROR;
				CLANG_WARN_QUOTED_INCLUDE_IN_FRAMEWORK_HEADER = YES;
				CLANG_WARN_RANGE_LOOP_ANALYSIS = YES;
				CLANG_WARN_STRICT_PROTOTYPES = YES;
				CLANG_WARN_SUSPICIOUS_MOVE = YES;
				CLANG_WARN_UNGUARDED_AVAILABILITY = YES_AGGRESSIVE;
				CLANG_WARN_UNREACHABLE_CODE = YES;
				CLANG_WARN__DUPLICATE_METHOD_MATCH = YES;
				COPY_PHASE_STRIP = NO;
				DEBUG_INFORMATION_FORMAT = "dwarf-with-dsym";
				ENABLE_NS_ASSERTIONS = NO;
				ENABLE_STRICT_OBJC_MSGSEND = YES;
				ENABLE_USER_SCRIPT_SANDBOXING = YES;
				GCC_C_LANGUAGE_STANDARD = gnu17;
				GCC_NO_COMMON_BLOCKS = YES;
				GCC_WARN_64_TO_32_BIT_CONVERSION = YES;
				GCC_WARN_ABOUT_RETURN_TYPE = YES_ERROR;
				GCC_WARN_UNDECLARED_SELECTOR = YES;
				GCC_WARN_UNINITIALIZED_AUTOS = YES_AGGRESSIVE;
				GCC_WARN_UNUSED_FUNCTION = YES;
				GCC_WARN_UNUSED_VARIABLE = YES;
				IPHONEOS_DEPLOYMENT_TARGET = 17.4;
				LOCALIZATION_PREFERS_STRING_CATALOGS = YES;
				MTL_ENABLE_DEBUG_INFO = NO;
				MTL_FAST_MATH = YES;
				SDKROOT = iphoneos;
				SWIFT_COMPILATION_MODE = wholemodule;
				VALIDATE_PRODUCT = YES;
			};
			name = Release;
		};
		21FE098F2BF4BC7D00D47104 /* Debug */ = {
			isa = XCBuildConfiguration;
			buildSettings = {
				ALWAYS_EMBED_SWIFT_STANDARD_LIBRARIES = YES;
				ASSETCATALOG_COMPILER_APPICON_NAME = AppIcon;
				ASSETCATALOG_COMPILER_GLOBAL_ACCENT_COLOR_NAME = AccentColor;
				CODE_SIGN_STYLE = Automatic;
				CURRENT_PROJECT_VERSION = 1;
				DEVELOPMENT_ASSET_PATHS = "\"GutHubWidget/Preview Content\"";
				DEVELOPMENT_TEAM = 4524FJSV52;
				ENABLE_PREVIEWS = YES;
				GENERATE_INFOPLIST_FILE = YES;
				INFOPLIST_KEY_UIApplicationSceneManifest_Generation = YES;
				INFOPLIST_KEY_UIApplicationSupportsIndirectInputEvents = YES;
				INFOPLIST_KEY_UILaunchScreen_Generation = YES;
				INFOPLIST_KEY_UISupportedInterfaceOrientations_iPad = "UIInterfaceOrientationPortrait UIInterfaceOrientationPortraitUpsideDown UIInterfaceOrientationLandscapeLeft UIInterfaceOrientationLandscapeRight";
				INFOPLIST_KEY_UISupportedInterfaceOrientations_iPhone = "UIInterfaceOrientationPortrait UIInterfaceOrientationLandscapeLeft UIInterfaceOrientationLandscapeRight";
				IPHONEOS_DEPLOYMENT_TARGET = 16.0;
				LD_RUNPATH_SEARCH_PATHS = (
					"$(inherited)",
					"@executable_path/Frameworks",
				);
				MARKETING_VERSION = 1.0;
				PRODUCT_BUNDLE_IDENTIFIER = ru.pashkov.GutHubWidget;
				PRODUCT_NAME = "$(TARGET_NAME)";
				SUPPORTED_PLATFORMS = "iphoneos iphonesimulator";
				SUPPORTS_MACCATALYST = NO;
				SUPPORTS_MAC_DESIGNED_FOR_IPHONE_IPAD = NO;
				SUPPORTS_XR_DESIGNED_FOR_IPHONE_IPAD = NO;
				SWIFT_EMIT_LOC_STRINGS = YES;
				SWIFT_VERSION = 5.0;
				TARGETED_DEVICE_FAMILY = 1;
			};
			name = Debug;
		};
		21FE09902BF4BC7D00D47104 /* Release */ = {
			isa = XCBuildConfiguration;
			buildSettings = {
				ALWAYS_EMBED_SWIFT_STANDARD_LIBRARIES = YES;
				ASSETCATALOG_COMPILER_APPICON_NAME = AppIcon;
				ASSETCATALOG_COMPILER_GLOBAL_ACCENT_COLOR_NAME = AccentColor;
				CODE_SIGN_STYLE = Automatic;
				CURRENT_PROJECT_VERSION = 1;
				DEVELOPMENT_ASSET_PATHS = "\"GutHubWidget/Preview Content\"";
				DEVELOPMENT_TEAM = 4524FJSV52;
				ENABLE_PREVIEWS = YES;
				GENERATE_INFOPLIST_FILE = YES;
				INFOPLIST_KEY_UIApplicationSceneManifest_Generation = YES;
				INFOPLIST_KEY_UIApplicationSupportsIndirectInputEvents = YES;
				INFOPLIST_KEY_UILaunchScreen_Generation = YES;
				INFOPLIST_KEY_UISupportedInterfaceOrientations_iPad = "UIInterfaceOrientationPortrait UIInterfaceOrientationPortraitUpsideDown UIInterfaceOrientationLandscapeLeft UIInterfaceOrientationLandscapeRight";
				INFOPLIST_KEY_UISupportedInterfaceOrientations_iPhone = "UIInterfaceOrientationPortrait UIInterfaceOrientationLandscapeLeft UIInterfaceOrientationLandscapeRight";
				IPHONEOS_DEPLOYMENT_TARGET = 16.0;
				LD_RUNPATH_SEARCH_PATHS = (
					"$(inherited)",
					"@executable_path/Frameworks",
				);
				MARKETING_VERSION = 1.0;
				PRODUCT_BUNDLE_IDENTIFIER = ru.pashkov.GutHubWidget;
				PRODUCT_NAME = "$(TARGET_NAME)";
				SUPPORTED_PLATFORMS = "iphoneos iphonesimulator";
				SUPPORTS_MACCATALYST = NO;
				SUPPORTS_MAC_DESIGNED_FOR_IPHONE_IPAD = NO;
				SUPPORTS_XR_DESIGNED_FOR_IPHONE_IPAD = NO;
				SWIFT_EMIT_LOC_STRINGS = YES;
				SWIFT_VERSION = 5.0;
				TARGETED_DEVICE_FAMILY = 1;
			};
			name = Release;
		};
		21FE09BE2BF634B300D47104 /* Debug */ = {
			isa = XCBuildConfiguration;
			buildSettings = {
				ASSETCATALOG_COMPILER_GLOBAL_ACCENT_COLOR_NAME = AccentColor;
				ASSETCATALOG_COMPILER_WIDGET_BACKGROUND_COLOR_NAME = WidgetBackground;
				CODE_SIGN_STYLE = Automatic;
				CURRENT_PROJECT_VERSION = 1;
				DEVELOPMENT_TEAM = 4524FJSV52;
				GENERATE_INFOPLIST_FILE = YES;
				INFOPLIST_FILE = "GitHub Widget/Info.plist";
				INFOPLIST_KEY_CFBundleDisplayName = "GitHub Widget";
				INFOPLIST_KEY_NSHumanReadableCopyright = "";
				IPHONEOS_DEPLOYMENT_TARGET = 16.0;
				LD_RUNPATH_SEARCH_PATHS = (
					"$(inherited)",
					"@executable_path/Frameworks",
					"@executable_path/../../Frameworks",
				);
				MARKETING_VERSION = 1.0;
				PRODUCT_BUNDLE_IDENTIFIER = "ru.pashkov.GutHubWidget.GitHub-Widget";
				PRODUCT_NAME = "$(TARGET_NAME)";
				SKIP_INSTALL = YES;
				SWIFT_EMIT_LOC_STRINGS = YES;
				SWIFT_VERSION = 5.0;
				TARGETED_DEVICE_FAMILY = "1,2";
			};
			name = Debug;
		};
		21FE09BF2BF634B300D47104 /* Release */ = {
			isa = XCBuildConfiguration;
			buildSettings = {
				ASSETCATALOG_COMPILER_GLOBAL_ACCENT_COLOR_NAME = AccentColor;
				ASSETCATALOG_COMPILER_WIDGET_BACKGROUND_COLOR_NAME = WidgetBackground;
				CODE_SIGN_STYLE = Automatic;
				CURRENT_PROJECT_VERSION = 1;
				DEVELOPMENT_TEAM = 4524FJSV52;
				GENERATE_INFOPLIST_FILE = YES;
				INFOPLIST_FILE = "GitHub Widget/Info.plist";
				INFOPLIST_KEY_CFBundleDisplayName = "GitHub Widget";
				INFOPLIST_KEY_NSHumanReadableCopyright = "";
				IPHONEOS_DEPLOYMENT_TARGET = 16.0;
				LD_RUNPATH_SEARCH_PATHS = (
					"$(inherited)",
					"@executable_path/Frameworks",
					"@executable_path/../../Frameworks",
				);
				MARKETING_VERSION = 1.0;
				PRODUCT_BUNDLE_IDENTIFIER = "ru.pashkov.GutHubWidget.GitHub-Widget";
				PRODUCT_NAME = "$(TARGET_NAME)";
				SKIP_INSTALL = YES;
				SWIFT_EMIT_LOC_STRINGS = YES;
				SWIFT_VERSION = 5.0;
				TARGETED_DEVICE_FAMILY = "1,2";
			};
			name = Release;
		};
/* End XCBuildConfiguration section */

/* Begin XCConfigurationList section */
		21FE097B2BF4BC7B00D47104 /* Build configuration list for PBXProject "GutHubWidget" */ = {
			isa = XCConfigurationList;
			buildConfigurations = (
				21FE098C2BF4BC7D00D47104 /* Debug */,
				21FE098D2BF4BC7D00D47104 /* Release */,
			);
			defaultConfigurationIsVisible = 0;
			defaultConfigurationName = Release;
		};
		21FE098E2BF4BC7D00D47104 /* Build configuration list for PBXNativeTarget "GutHubWidget" */ = {
			isa = XCConfigurationList;
			buildConfigurations = (
				21FE098F2BF4BC7D00D47104 /* Debug */,
				21FE09902BF4BC7D00D47104 /* Release */,
			);
			defaultConfigurationIsVisible = 0;
			defaultConfigurationName = Release;
		};
		21FE09BD2BF634B300D47104 /* Build configuration list for PBXNativeTarget "GitHub WidgetExtension" */ = {
			isa = XCConfigurationList;
			buildConfigurations = (
				21FE09BE2BF634B300D47104 /* Debug */,
				21FE09BF2BF634B300D47104 /* Release */,
			);
			defaultConfigurationIsVisible = 0;
			defaultConfigurationName = Release;
		};
/* End XCConfigurationList section */

/* Begin XCRemoteSwiftPackageReference section */
		21FE09912BF4BD0F00D47104 /* XCRemoteSwiftPackageReference "SwiftSoup" */ = {
			isa = XCRemoteSwiftPackageReference;
			repositoryURL = "https://github.com/scinfu/SwiftSoup.git";
			requirement = {
				kind = upToNextMajorVersion;
				minimumVersion = 2.7.2;
			};
		};
/* End XCRemoteSwiftPackageReference section */

/* Begin XCSwiftPackageProductDependency section */
		21FE09922BF4BD0F00D47104 /* SwiftSoup */ = {
			isa = XCSwiftPackageProductDependency;
			package = 21FE09912BF4BD0F00D47104 /* XCRemoteSwiftPackageReference "SwiftSoup" */;
			productName = SwiftSoup;
		};
		21FE09C62BF638B300D47104 /* SwiftSoup */ = {
			isa = XCSwiftPackageProductDependency;
			package = 21FE09912BF4BD0F00D47104 /* XCRemoteSwiftPackageReference "SwiftSoup" */;
			productName = SwiftSoup;
		};
/* End XCSwiftPackageProductDependency section */
	};
	rootObject = 21FE09782BF4BC7B00D47104 /* Project object */;
}
